// !$*UTF8*$!
{
	archiveVersion = 1;
	classes = {
	};
	objectVersion = 50;
	objects = {

/* Begin PBXBuildFile section */
		165085A025186BB300149A72 /* AppDelegate.swift in Sources */ = {isa = PBXBuildFile; fileRef = 1650859F25186BB300149A72 /* AppDelegate.swift */; };
		165085A225186BB300149A72 /* GameScene.sks in Resources */ = {isa = PBXBuildFile; fileRef = 165085A125186BB300149A72 /* GameScene.sks */; };
		165085A425186BB300149A72 /* Actions.sks in Resources */ = {isa = PBXBuildFile; fileRef = 165085A325186BB300149A72 /* Actions.sks */; };
		165085A625186BB300149A72 /* GameScene.swift in Sources */ = {isa = PBXBuildFile; fileRef = 165085A525186BB300149A72 /* GameScene.swift */; };
		165085A825186BB300149A72 /* ViewController.swift in Sources */ = {isa = PBXBuildFile; fileRef = 165085A725186BB300149A72 /* ViewController.swift */; };
		165085AA25186BB300149A72 /* Assets.xcassets in Resources */ = {isa = PBXBuildFile; fileRef = 165085A925186BB300149A72 /* Assets.xcassets */; };
		165085AD25186BB300149A72 /* Main.storyboard in Resources */ = {isa = PBXBuildFile; fileRef = 165085AB25186BB300149A72 /* Main.storyboard */; };
/* End PBXBuildFile section */

/* Begin PBXFileReference section */
		1650859C25186BB300149A72 /* Sho‘t Kal Dalet.app */ = {isa = PBXFileReference; explicitFileType = wrapper.application; includeInIndex = 0; path = "Sho‘t Kal Dalet.app"; sourceTree = BUILT_PRODUCTS_DIR; };
		1650859F25186BB300149A72 /* AppDelegate.swift */ = {isa = PBXFileReference; lastKnownFileType = sourcecode.swift; path = AppDelegate.swift; sourceTree = "<group>"; };
		165085A125186BB300149A72 /* GameScene.sks */ = {isa = PBXFileReference; lastKnownFileType = file.sks; path = GameScene.sks; sourceTree = "<group>"; };
		165085A325186BB300149A72 /* Actions.sks */ = {isa = PBXFileReference; lastKnownFileType = file.sks; path = Actions.sks; sourceTree = "<group>"; };
		165085A525186BB300149A72 /* GameScene.swift */ = {isa = PBXFileReference; lastKnownFileType = sourcecode.swift; path = GameScene.swift; sourceTree = "<group>"; };
		165085A725186BB300149A72 /* ViewController.swift */ = {isa = PBXFileReference; lastKnownFileType = sourcecode.swift; path = ViewController.swift; sourceTree = "<group>"; };
		165085A925186BB300149A72 /* Assets.xcassets */ = {isa = PBXFileReference; lastKnownFileType = folder.assetcatalog; path = Assets.xcassets; sourceTree = "<group>"; };
		165085AC25186BB300149A72 /* Base */ = {isa = PBXFileReference; lastKnownFileType = file.storyboard; name = Base; path = Base.lproj/Main.storyboard; sourceTree = "<group>"; };
		165085AE25186BB300149A72 /* Info.plist */ = {isa = PBXFileReference; lastKnownFileType = text.plist.xml; path = Info.plist; sourceTree = "<group>"; };
		165085AF25186BB300149A72 /* Sho_t_Kal_Dalet.entitlements */ = {isa = PBXFileReference; lastKnownFileType = text.plist.entitlements; path = Sho_t_Kal_Dalet.entitlements; sourceTree = "<group>"; };
/* End PBXFileReference section */

/* Begin PBXFrameworksBuildPhase section */
		1650859925186BB300149A72 /* Frameworks */ = {
			isa = PBXFrameworksBuildPhase;
			buildActionMask = 2147483647;
			files = (
			);
			runOnlyForDeploymentPostprocessing = 0;
		};
/* End PBXFrameworksBuildPhase section */

/* Begin PBXGroup section */
		1650859325186BB300149A72 = {
			isa = PBXGroup;
			children = (
				1650859E25186BB300149A72 /* Sho‘t Kal Dalet */,
				1650859D25186BB300149A72 /* Products */,
			);
			sourceTree = "<group>";
		};
		1650859D25186BB300149A72 /* Products */ = {
			isa = PBXGroup;
			children = (
				1650859C25186BB300149A72 /* Sho‘t Kal Dalet.app */,
			);
			name = Products;
			sourceTree = "<group>";
		};
		1650859E25186BB300149A72 /* Sho‘t Kal Dalet */ = {
			isa = PBXGroup;
			children = (
				1650859F25186BB300149A72 /* AppDelegate.swift */,
				165085A125186BB300149A72 /* GameScene.sks */,
				165085A325186BB300149A72 /* Actions.sks */,
				165085A525186BB300149A72 /* GameScene.swift */,
				165085A725186BB300149A72 /* ViewController.swift */,
				165085A925186BB300149A72 /* Assets.xcassets */,
				165085AB25186BB300149A72 /* Main.storyboard */,
				165085AE25186BB300149A72 /* Info.plist */,
				165085AF25186BB300149A72 /* Sho_t_Kal_Dalet.entitlements */,
			);
			path = "Sho‘t Kal Dalet";
			sourceTree = "<group>";
		};
/* End PBXGroup section */

/* Begin PBXNativeTarget section */
		1650859B25186BB300149A72 /* Sho‘t Kal Dalet */ = {
			isa = PBXNativeTarget;
			buildConfigurationList = 165085B225186BB300149A72 /* Build configuration list for PBXNativeTarget "Sho‘t Kal Dalet" */;
			buildPhases = (
				1650859825186BB300149A72 /* Sources */,
				1650859925186BB300149A72 /* Frameworks */,
				1650859A25186BB300149A72 /* Resources */,
			);
			buildRules = (
			);
			dependencies = (
			);
			name = "Sho‘t Kal Dalet";
			productName = "Sho‘t Kal Dalet";
			productReference = 1650859C25186BB300149A72 /* Sho‘t Kal Dalet.app */;
			productType = "com.apple.product-type.application";
		};
/* End PBXNativeTarget section */

/* Begin PBXProject section */
		1650859425186BB300149A72 /* Project object */ = {
			isa = PBXProject;
			attributes = {
				LastSwiftUpdateCheck = 1010;
				LastUpgradeCheck = 1010;
				ORGANIZATIONNAME = "Taennan Rickman";
				TargetAttributes = {
					1650859B25186BB300149A72 = {
						CreatedOnToolsVersion = 10.1;
					};
				};
			};
			buildConfigurationList = 1650859725186BB300149A72 /* Build configuration list for PBXProject "Sho‘t Kal Dalet" */;
			compatibilityVersion = "Xcode 9.3";
			developmentRegion = en;
			hasScannedForEncodings = 0;
			knownRegions = (
				en,
				Base,
			);
			mainGroup = 1650859325186BB300149A72;
			productRefGroup = 1650859D25186BB300149A72 /* Products */;
			projectDirPath = "";
			projectRoot = "";
			targets = (
				1650859B25186BB300149A72 /* Sho‘t Kal Dalet */,
			);
		};
/* End PBXProject section */

/* Begin PBXResourcesBuildPhase section */
		1650859A25186BB300149A72 /* Resources */ = {
			isa = PBXResourcesBuildPhase;
			buildActionMask = 2147483647;
			files = (
				165085A225186BB300149A72 /* GameScene.sks in Resources */,
				165085AA25186BB300149A72 /* Assets.xcassets in Resources */,
				165085A425186BB300149A72 /* Actions.sks in Resources */,
				165085AD25186BB300149A72 /* Main.storyboard in Resources */,
			);
			runOnlyForDeploymentPostprocessing = 0;
		};
/* End PBXResourcesBuildPhase section */

/* Begin PBXSourcesBuildPhase section */
		1650859825186BB300149A72 /* Sources */ = {
			isa = PBXSourcesBuildPhase;
			buildActionMask = 2147483647;
			files = (
				165085A825186BB300149A72 /* ViewController.swift in Sources */,
				165085A625186BB300149A72 /* GameScene.swift in Sources */,
				165085A025186BB300149A72 /* AppDelegate.swift in Sources */,
			);
			runOnlyForDeploymentPostprocessing = 0;
		};
/* End PBXSourcesBuildPhase section */

/* Begin PBXVariantGroup section */
		165085AB25186BB300149A72 /* Main.storyboard */ = {
			isa = PBXVariantGroup;
			children = (
				165085AC25186BB300149A72 /* Base */,
			);
			name = Main.storyboard;
			sourceTree = "<group>";
		};
/* End PBXVariantGroup section */

/* Begin XCBuildConfiguration section */
		165085B025186BB300149A72 /* Debug */ = {
			isa = XCBuildConfiguration;
			buildSettings = {
				ALWAYS_SEARCH_USER_PATHS = NO;
				CLANG_ANALYZER_NONNULL = YES;
				CLANG_ANALYZER_NUMBER_OBJECT_CONVERSION = YES_AGGRESSIVE;
				CLANG_CXX_LANGUAGE_STANDARD = "gnu++14";
				CLANG_CXX_LIBRARY = "libc++";
				CLANG_ENABLE_MODULES = YES;
				CLANG_ENABLE_OBJC_ARC = YES;
				CLANG_ENABLE_OBJC_WEAK = YES;
				CLANG_WARN_BLOCK_CAPTURE_AUTORELEASING = YES;
				CLANG_WARN_BOOL_CONVERSION = YES;
				CLANG_WARN_COMMA = YES;
				CLANG_WARN_CONSTANT_CONVERSION = YES;
				CLANG_WARN_DEPRECATED_OBJC_IMPLEMENTATIONS = YES;
				CLANG_WARN_DIRECT_OBJC_ISA_USAGE = YES_ERROR;
				CLANG_WARN_DOCUMENTATION_COMMENTS = YES;
				CLANG_WARN_EMPTY_BODY = YES;
				CLANG_WARN_ENUM_CONVERSION = YES;
				CLANG_WARN_INFINITE_RECURSION = YES;
				CLANG_WARN_INT_CONVERSION = YES;
				CLANG_WARN_NON_LITERAL_NULL_CONVERSION = YES;
				CLANG_WARN_OBJC_IMPLICIT_RETAIN_SELF = YES;
				CLANG_WARN_OBJC_LITERAL_CONVERSION = YES;
				CLANG_WARN_OBJC_ROOT_CLASS = YES_ERROR;
				CLANG_WARN_RANGE_LOOP_ANALYSIS = YES;
				CLANG_WARN_STRICT_PROTOTYPES = YES;
				CLANG_WARN_SUSPICIOUS_MOVE = YES;
				CLANG_WARN_UNGUARDED_AVAILABILITY = YES_AGGRESSIVE;
				CLANG_WARN_UNREACHABLE_CODE = YES;
				CLANG_WARN__DUPLICATE_METHOD_MATCH = YES;
				CODE_SIGN_IDENTITY = "-";
				COPY_PHASE_STRIP = NO;
				DEBUG_INFORMATION_FORMAT = dwarf;
				ENABLE_STRICT_OBJC_MSGSEND = YES;
				ENABLE_TESTABILITY = YES;
				GCC_C_LANGUAGE_STANDARD = gnu11;
				GCC_DYNAMIC_NO_PIC = NO;
				GCC_NO_COMMON_BLOCKS = YES;
				GCC_OPTIMIZATION_LEVEL = 0;
				GCC_PREPROCESSOR_DEFINITIONS = (
					"DEBUG=1",
					"$(inherited)",
				);
				GCC_WARN_64_TO_32_BIT_CONVERSION = YES;
				GCC_WARN_ABOUT_RETURN_TYPE = YES_ERROR;
				GCC_WARN_UNDECLARED_SELECTOR = YES;
				GCC_WARN_UNINITIALIZED_AUTOS = YES_AGGRESSIVE;
				GCC_WARN_UNUSED_FUNCTION = YES;
				GCC_WARN_UNUSED_VARIABLE = YES;
				MACOSX_DEPLOYMENT_TARGET = 10.13;
				MTL_ENABLE_DEBUG_INFO = INCLUDE_SOURCE;
				MTL_FAST_MATH = YES;
				ONLY_ACTIVE_ARCH = YES;
				SDKROOT = macosx;
				SWIFT_ACTIVE_COMPILATION_CONDITIONS = DEBUG;
				SWIFT_OPTIMIZATION_LEVEL = "-Onone";
			};
			name = Debug;
		};
		165085B125186BB300149A72 /* Release */ = {
			isa = XCBuildConfiguration;
			buildSettings = {
				ALWAYS_SEARCH_USER_PATHS = NO;
				CLANG_ANALYZER_NONNULL = YES;
				CLANG_ANALYZER_NUMBER_OBJECT_CONVERSION = YES_AGGRESSIVE;
				CLANG_CXX_LANGUAGE_STANDARD = "gnu++14";
				CLANG_CXX_LIBRARY = "libc++";
				CLANG_ENABLE_MODULES = YES;
				CLANG_ENABLE_OBJC_ARC = YES;
				CLANG_ENABLE_OBJC_WEAK = YES;
				CLANG_WARN_BLOCK_CAPTURE_AUTORELEASING = YES;
				CLANG_WARN_BOOL_CONVERSION = YES;
				CLANG_WARN_COMMA = YES;
				CLANG_WARN_CONSTANT_CONVERSION = YES;
				CLANG_WARN_DEPRECATED_OBJC_IMPLEMENTATIONS = YES;
				CLANG_WARN_DIRECT_OBJC_ISA_USAGE = YES_ERROR;
				CLANG_WARN_DOCUMENTATION_COMMENTS = YES;
				CLANG_WARN_EMPTY_BODY = YES;
				CLANG_WARN_ENUM_CONVERSION = YES;
				CLANG_WARN_INFINITE_RECURSION = YES;
				CLANG_WARN_INT_CONVERSION = YES;
				CLANG_WARN_NON_LITERAL_NULL_CONVERSION = YES;
				CLANG_WARN_OBJC_IMPLICIT_RETAIN_SELF = YES;
				CLANG_WARN_OBJC_LITERAL_CONVERSION = YES;
				CLANG_WARN_OBJC_ROOT_CLASS = YES_ERROR;
				CLANG_WARN_RANGE_LOOP_ANALYSIS = YES;
				CLANG_WARN_STRICT_PROTOTYPES = YES;
				CLANG_WARN_SUSPICIOUS_MOVE = YES;
				CLANG_WARN_UNGUARDED_AVAILABILITY = YES_AGGRESSIVE;
				CLANG_WARN_UNREACHABLE_CODE = YES;
				CLANG_WARN__DUPLICATE_METHOD_MATCH = YES;
				CODE_SIGN_IDENTITY = "-";
				COPY_PHASE_STRIP = NO;
				DEBUG_INFORMATION_FORMAT = "dwarf-with-dsym";
				ENABLE_NS_ASSERTIONS = NO;
				ENABLE_STRICT_OBJC_MSGSEND = YES;
				GCC_C_LANGUAGE_STANDARD = gnu11;
				GCC_NO_COMMON_BLOCKS = YES;
				GCC_WARN_64_TO_32_BIT_CONVERSION = YES;
				GCC_WARN_ABOUT_RETURN_TYPE = YES_ERROR;
				GCC_WARN_UNDECLARED_SELECTOR = YES;
				GCC_WARN_UNINITIALIZED_AUTOS = YES_AGGRESSIVE;
				GCC_WARN_UNUSED_FUNCTION = YES;
				GCC_WARN_UNUSED_VARIABLE = YES;
				MACOSX_DEPLOYMENT_TARGET = 10.13;
				MTL_ENABLE_DEBUG_INFO = NO;
				MTL_FAST_MATH = YES;
				SDKROOT = macosx;
				SWIFT_COMPILATION_MODE = wholemodule;
				SWIFT_OPTIMIZATION_LEVEL = "-O";
			};
			name = Release;
		};
		165085B325186BB300149A72 /* Debug */ = {
			isa = XCBuildConfiguration;
			buildSettings = {
				ASSETCATALOG_COMPILER_APPICON_NAME = AppIcon;
				CODE_SIGN_ENTITLEMENTS = "Sho‘t Kal Dalet/Sho_t_Kal_Dalet.entitlements";
				CODE_SIGN_STYLE = Automatic;
				COMBINE_HIDPI_IMAGES = YES;
				INFOPLIST_FILE = "Sho‘t Kal Dalet/Info.plist";
				LD_RUNPATH_SEARCH_PATHS = (
					"$(inherited)",
					"@executable_path/../Frameworks",
				);
				PRODUCT_BUNDLE_IDENTIFIER = "Nassman-Werks.Sho-t-Kal-Dalet";
				PRODUCT_NAME = "$(TARGET_NAME)";
				SWIFT_VERSION = 4.2;
			};
			name = Debug;
		};
		165085B425186BB300149A72 /* Release */ = {
			isa = XCBuildConfiguration;
			buildSettings = {
				ASSETCATALOG_COMPILER_APPICON_NAME = AppIcon;
				CODE_SIGN_ENTITLEMENTS = "Sho‘t Kal Dalet/Sho_t_Kal_Dalet.entitlements";
				CODE_SIGN_STYLE = Automatic;
				COMBINE_HIDPI_IMAGES = YES;
				INFOPLIST_FILE = "Sho‘t Kal Dalet/Info.plist";
				LD_RUNPATH_SEARCH_PATHS = (
					"$(inherited)",
					"@executable_path/../Frameworks",
				);
				PRODUCT_BUNDLE_IDENTIFIER = "Nassman-Werks.Sho-t-Kal-Dalet";
				PRODUCT_NAME = "$(TARGET_NAME)";
				SWIFT_VERSION = 4.2;
			};
			name = Release;
		};
/* End XCBuildConfiguration section */

/* Begin XCConfigurationList section */
		1650859725186BB300149A72 /* Build configuration list for PBXProject "Sho‘t Kal Dalet" */ = {
			isa = XCConfigurationList;
			buildConfigurations = (
				165085B025186BB300149A72 /* Debug */,
				165085B125186BB300149A72 /* Release */,
			);
			defaultConfigurationIsVisible = 0;
			defaultConfigurationName = Release;
		};
		165085B225186BB300149A72 /* Build configuration list for PBXNativeTarget "Sho‘t Kal Dalet" */ = {
			isa = XCConfigurationList;
			buildConfigurations = (
				165085B325186BB300149A72 /* Debug */,
				165085B425186BB300149A72 /* Release */,
			);
			defaultConfigurationIsVisible = 0;
			defaultConfigurationName = Release;
		};
/* End XCConfigurationList section */
	};
	rootObject = 1650859425186BB300149A72 /* Project object */;
}
